
Microsoft Visual Studio Solution File, Format Version 12.00
# Visual Studio 15
VisualStudioVersion = 15.0.28307.902
MinimumVisualStudioVersion = 10.0.40219.1
Project("{FAE04EC0-301F-11D3-BF4B-00C04F79EFBC}") = "Calculator_PengGao", "Calculator_PengGao\Calculator_PengGao.csproj", "{0B9A6DBF-02B7-4271-8940-FED6F19EE15F}"
EndProject
Global
	GlobalSection(SolutionConfigurationPlatforms) = preSolution
		Debug|Any CPU = Debug|Any CPU
		Release|Any CPU = Release|Any CPU
	EndGlobalSection
	GlobalSection(ProjectConfigurationPlatforms) = postSolution
		{0B9A6DBF-02B7-4271-8940-FED6F19EE15F}.Debug|Any CPU.ActiveCfg = Debug|Any CPU
		{0B9A6DBF-02B7-4271-8940-FED6F19EE15F}.Debug|Any CPU.Build.0 = Debug|Any CPU
		{0B9A6DBF-02B7-4271-8940-FED6F19EE15F}.Release|Any CPU.ActiveCfg = Release|Any CPU
		{0B9A6DBF-02B7-4271-8940-FED6F19EE15F}.Release|Any CPU.Build.0 = Release|Any CPU
	EndGlobalSection
	GlobalSection(SolutionProperties) = preSolution
		HideSolutionNode = FALSE
	EndGlobalSection
	GlobalSection(ExtensibilityGlobals) = postSolution
		SolutionGuid = {7B1D8BF6-C095-4F20-98F9-82FE8BC83514}
	EndGlobalSection
EndGlobal
